// !$*UTF8*$!
{
	archiveVersion = 1;
	classes = {
	};
	objectVersion = 56;
	objects = {

/* Begin PBXBuildFile section */
		B30902AC2C476B390032A7E4 /* ScanViewModel.swift in Sources */ = {isa = PBXBuildFile; fileRef = B30902AB2C476B390032A7E4 /* ScanViewModel.swift */; };
		B30902AE2C476CFC0032A7E4 /* Protocols.swift in Sources */ = {isa = PBXBuildFile; fileRef = B30902AD2C476CFC0032A7E4 /* Protocols.swift */; };
		B30902B42C477C190032A7E4 /* LoginRequest.swift in Sources */ = {isa = PBXBuildFile; fileRef = B30902B32C477C190032A7E4 /* LoginRequest.swift */; };
		B30902B62C477C2E0032A7E4 /* LoginViewModel.swift in Sources */ = {isa = PBXBuildFile; fileRef = B30902B52C477C2E0032A7E4 /* LoginViewModel.swift */; };
		B30902BA2C477D710032A7E4 /* LoginView.swift in Sources */ = {isa = PBXBuildFile; fileRef = B30902B92C477D710032A7E4 /* LoginView.swift */; };
		B30902BC2C477EBD0032A7E4 /* UIViewExtension.swift in Sources */ = {isa = PBXBuildFile; fileRef = B30902BB2C477EBD0032A7E4 /* UIViewExtension.swift */; };
		B30902C22C47851E0032A7E4 /* FilterModel.swift in Sources */ = {isa = PBXBuildFile; fileRef = B30902C12C47851E0032A7E4 /* FilterModel.swift */; };
		B30902C42C479E8D0032A7E4 /* ScannedDeviceInfoView.swift in Sources */ = {isa = PBXBuildFile; fileRef = B30902C32C479E8D0032A7E4 /* ScannedDeviceInfoView.swift */; };
		B30902C62C47AEF90032A7E4 /* FilterDeviceView.swift in Sources */ = {isa = PBXBuildFile; fileRef = B30902C52C47AEF90032A7E4 /* FilterDeviceView.swift */; };
		B30902C82C47BADA0032A7E4 /* FilterDeviceSectionHeaderView.swift in Sources */ = {isa = PBXBuildFile; fileRef = B30902C72C47BADA0032A7E4 /* FilterDeviceSectionHeaderView.swift */; };
		B30902CA2C47BB2A0032A7E4 /* FilterDeviceManufacturerCell.swift in Sources */ = {isa = PBXBuildFile; fileRef = B30902C92C47BB2A0032A7E4 /* FilterDeviceManufacturerCell.swift */; };
		B30902CC2C48A5710032A7E4 /* FilterDeviceRSSICell.swift in Sources */ = {isa = PBXBuildFile; fileRef = B30902CB2C48A5700032A7E4 /* FilterDeviceRSSICell.swift */; };
		B30902CE2C48B4ED0032A7E4 /* ScannedDeviceInfoSectionHeaderView.swift in Sources */ = {isa = PBXBuildFile; fileRef = B30902CD2C48B4ED0032A7E4 /* ScannedDeviceInfoSectionHeaderView.swift */; };
		B30902D02C48B6D90032A7E4 /* ScannedDeviceInfoDataCell.swift in Sources */ = {isa = PBXBuildFile; fileRef = B30902CF2C48B6D90032A7E4 /* ScannedDeviceInfoDataCell.swift */; };
		B30902D22C48D04A0032A7E4 /* DeviceInfoModel.swift in Sources */ = {isa = PBXBuildFile; fileRef = B30902D12C48D04A0032A7E4 /* DeviceInfoModel.swift */; };
		B30902D42C49376D0032A7E4 /* DeviceCountModel.swift in Sources */ = {isa = PBXBuildFile; fileRef = B30902D32C49376D0032A7E4 /* DeviceCountModel.swift */; };
		B30902D62C49385D0032A7E4 /* ScannedDeviceCountSectionHeaderView.swift in Sources */ = {isa = PBXBuildFile; fileRef = B30902D52C49385D0032A7E4 /* ScannedDeviceCountSectionHeaderView.swift */; };
		B30902D82C4939A40032A7E4 /* ScannedDeviceCountView.swift in Sources */ = {isa = PBXBuildFile; fileRef = B30902D72C4939A40032A7E4 /* ScannedDeviceCountView.swift */; };
		B30902DA2C4A023E0032A7E4 /* PaddedLabel.swift in Sources */ = {isa = PBXBuildFile; fileRef = B30902D92C4A023E0032A7E4 /* PaddedLabel.swift */; };
		B30902DC2C4A06390032A7E4 /* ScannedDeviceCountDataCell.swift in Sources */ = {isa = PBXBuildFile; fileRef = B30902DB2C4A06390032A7E4 /* ScannedDeviceCountDataCell.swift */; };
		B333F3A02C4DE54A00495539 /* FilterDeviceDistanceCell.swift in Sources */ = {isa = PBXBuildFile; fileRef = B333F39F2C4DE54A00495539 /* FilterDeviceDistanceCell.swift */; };
		B333F3A22C4E208300495539 /* FilterStateSectionHeaderView.swift in Sources */ = {isa = PBXBuildFile; fileRef = B333F3A12C4E208300495539 /* FilterStateSectionHeaderView.swift */; };
		B333F3A62C4E2DAC00495539 /* FilterStateView.swift in Sources */ = {isa = PBXBuildFile; fileRef = B333F3A52C4E2DAC00495539 /* FilterStateView.swift */; };
		B333F3A82C4E2E4800495539 /* FilterStateCell.swift in Sources */ = {isa = PBXBuildFile; fileRef = B333F3A72C4E2E4800495539 /* FilterStateCell.swift */; };
		B37069282C465B3C00A49D77 /* PagingTabBar.swift in Sources */ = {isa = PBXBuildFile; fileRef = B37069272C465B3C00A49D77 /* PagingTabBar.swift */; };
		B370692A2C465B9D00A49D77 /* PagingTabBarCell.swift in Sources */ = {isa = PBXBuildFile; fileRef = B37069292C465B9D00A49D77 /* PagingTabBarCell.swift */; };
		B370692C2C465BFE00A49D77 /* PagingView.swift in Sources */ = {isa = PBXBuildFile; fileRef = B370692B2C465BFE00A49D77 /* PagingView.swift */; };
		B370692E2C465C1200A49D77 /* PagingCollectionViewCell.swift in Sources */ = {isa = PBXBuildFile; fileRef = B370692D2C465C1200A49D77 /* PagingCollectionViewCell.swift */; };
		B37069302C46662800A49D77 /* ScanView.swift in Sources */ = {isa = PBXBuildFile; fileRef = B370692F2C46662800A49D77 /* ScanView.swift */; };
		B3C622A22C44A6F100371531 /* AppDelegate.swift in Sources */ = {isa = PBXBuildFile; fileRef = B3C622A12C44A6F100371531 /* AppDelegate.swift */; };
		B3C622A42C44A6F100371531 /* SceneDelegate.swift in Sources */ = {isa = PBXBuildFile; fileRef = B3C622A32C44A6F100371531 /* SceneDelegate.swift */; };
		B3C622A62C44A6F100371531 /* MainViewController.swift in Sources */ = {isa = PBXBuildFile; fileRef = B3C622A52C44A6F100371531 /* MainViewController.swift */; };
		B3C622A92C44A6F100371531 /* Base in Resources */ = {isa = PBXBuildFile; fileRef = B3C622A82C44A6F100371531 /* Base */; };
		B3C622AB2C44A6F400371531 /* Assets.xcassets in Resources */ = {isa = PBXBuildFile; fileRef = B3C622AA2C44A6F400371531 /* Assets.xcassets */; };
		B3C622AE2C44A6F400371531 /* Base in Resources */ = {isa = PBXBuildFile; fileRef = B3C622AD2C44A6F400371531 /* Base */; };
		B3C622BA2C44AF0700371531 /* TimeFunctions.swift in Sources */ = {isa = PBXBuildFile; fileRef = B3C622B92C44AF0700371531 /* TimeFunctions.swift */; };
		B3C622BD2C44AF9500371531 /* StringExtension.swift in Sources */ = {isa = PBXBuildFile; fileRef = B3C622BC2C44AF9500371531 /* StringExtension.swift */; };
		B3C622C12C44C76D00371531 /* DataExtension.swift in Sources */ = {isa = PBXBuildFile; fileRef = B3C622C02C44C76D00371531 /* DataExtension.swift */; };
		B3C622C32C44E27200371531 /* LocationManager.swift in Sources */ = {isa = PBXBuildFile; fileRef = B3C622C22C44E27200371531 /* LocationManager.swift */; };
		B3C622C52C45037000371531 /* BLEManager.swift in Sources */ = {isa = PBXBuildFile; fileRef = B3C622C42C45037000371531 /* BLEManager.swift */; };
		B3C622C82C4627EC00371531 /* BLEDeviceModel.swift in Sources */ = {isa = PBXBuildFile; fileRef = B3C622C72C4627EC00371531 /* BLEDeviceModel.swift */; };
		B3C622CA2C46372C00371531 /* CompanyIdentifier.swift in Sources */ = {isa = PBXBuildFile; fileRef = B3C622C92C46372C00371531 /* CompanyIdentifier.swift */; };
		B3C622CC2C464ECE00371531 /* MathFunctions.swift in Sources */ = {isa = PBXBuildFile; fileRef = B3C622CB2C464ECE00371531 /* MathFunctions.swift */; };
		DB3D5CAEDF062E1DFE763B9B /* Pods_MOIS.framework in Frameworks */ = {isa = PBXBuildFile; fileRef = E5FF14A9EF8B2A887B772AD6 /* Pods_MOIS.framework */; };
/* End PBXBuildFile section */

/* Begin PBXFileReference section */
		B30902AB2C476B390032A7E4 /* ScanViewModel.swift */ = {isa = PBXFileReference; lastKnownFileType = sourcecode.swift; path = ScanViewModel.swift; sourceTree = "<group>"; };
		B30902AD2C476CFC0032A7E4 /* Protocols.swift */ = {isa = PBXFileReference; lastKnownFileType = sourcecode.swift; path = Protocols.swift; sourceTree = "<group>"; };
		B30902B32C477C190032A7E4 /* LoginRequest.swift */ = {isa = PBXFileReference; lastKnownFileType = sourcecode.swift; path = LoginRequest.swift; sourceTree = "<group>"; };
		B30902B52C477C2E0032A7E4 /* LoginViewModel.swift */ = {isa = PBXFileReference; lastKnownFileType = sourcecode.swift; path = LoginViewModel.swift; sourceTree = "<group>"; };
		B30902B92C477D710032A7E4 /* LoginView.swift */ = {isa = PBXFileReference; lastKnownFileType = sourcecode.swift; path = LoginView.swift; sourceTree = "<group>"; };
		B30902BB2C477EBD0032A7E4 /* UIViewExtension.swift */ = {isa = PBXFileReference; lastKnownFileType = sourcecode.swift; path = UIViewExtension.swift; sourceTree = "<group>"; };
		B30902C12C47851E0032A7E4 /* FilterModel.swift */ = {isa = PBXFileReference; lastKnownFileType = sourcecode.swift; path = FilterModel.swift; sourceTree = "<group>"; };
		B30902C32C479E8D0032A7E4 /* ScannedDeviceInfoView.swift */ = {isa = PBXFileReference; lastKnownFileType = sourcecode.swift; path = ScannedDeviceInfoView.swift; sourceTree = "<group>"; };
		B30902C52C47AEF90032A7E4 /* FilterDeviceView.swift */ = {isa = PBXFileReference; lastKnownFileType = sourcecode.swift; path = FilterDeviceView.swift; sourceTree = "<group>"; };
		B30902C72C47BADA0032A7E4 /* FilterDeviceSectionHeaderView.swift */ = {isa = PBXFileReference; lastKnownFileType = sourcecode.swift; path = FilterDeviceSectionHeaderView.swift; sourceTree = "<group>"; };
		B30902C92C47BB2A0032A7E4 /* FilterDeviceManufacturerCell.swift */ = {isa = PBXFileReference; lastKnownFileType = sourcecode.swift; path = FilterDeviceManufacturerCell.swift; sourceTree = "<group>"; };
		B30902CB2C48A5700032A7E4 /* FilterDeviceRSSICell.swift */ = {isa = PBXFileReference; lastKnownFileType = sourcecode.swift; path = FilterDeviceRSSICell.swift; sourceTree = "<group>"; };
		B30902CD2C48B4ED0032A7E4 /* ScannedDeviceInfoSectionHeaderView.swift */ = {isa = PBXFileReference; lastKnownFileType = sourcecode.swift; path = ScannedDeviceInfoSectionHeaderView.swift; sourceTree = "<group>"; };
		B30902CF2C48B6D90032A7E4 /* ScannedDeviceInfoDataCell.swift */ = {isa = PBXFileReference; lastKnownFileType = sourcecode.swift; path = ScannedDeviceInfoDataCell.swift; sourceTree = "<group>"; };
		B30902D12C48D04A0032A7E4 /* DeviceInfoModel.swift */ = {isa = PBXFileReference; lastKnownFileType = sourcecode.swift; path = DeviceInfoModel.swift; sourceTree = "<group>"; };
		B30902D32C49376D0032A7E4 /* DeviceCountModel.swift */ = {isa = PBXFileReference; lastKnownFileType = sourcecode.swift; path = DeviceCountModel.swift; sourceTree = "<group>"; };
		B30902D52C49385D0032A7E4 /* ScannedDeviceCountSectionHeaderView.swift */ = {isa = PBXFileReference; lastKnownFileType = sourcecode.swift; path = ScannedDeviceCountSectionHeaderView.swift; sourceTree = "<group>"; };
		B30902D72C4939A40032A7E4 /* ScannedDeviceCountView.swift */ = {isa = PBXFileReference; lastKnownFileType = sourcecode.swift; path = ScannedDeviceCountView.swift; sourceTree = "<group>"; };
		B30902D92C4A023E0032A7E4 /* PaddedLabel.swift */ = {isa = PBXFileReference; lastKnownFileType = sourcecode.swift; path = PaddedLabel.swift; sourceTree = "<group>"; };
		B30902DB2C4A06390032A7E4 /* ScannedDeviceCountDataCell.swift */ = {isa = PBXFileReference; lastKnownFileType = sourcecode.swift; path = ScannedDeviceCountDataCell.swift; sourceTree = "<group>"; };
		B333F39F2C4DE54A00495539 /* FilterDeviceDistanceCell.swift */ = {isa = PBXFileReference; lastKnownFileType = sourcecode.swift; path = FilterDeviceDistanceCell.swift; sourceTree = "<group>"; };
		B333F3A12C4E208300495539 /* FilterStateSectionHeaderView.swift */ = {isa = PBXFileReference; lastKnownFileType = sourcecode.swift; path = FilterStateSectionHeaderView.swift; sourceTree = "<group>"; };
		B333F3A52C4E2DAC00495539 /* FilterStateView.swift */ = {isa = PBXFileReference; lastKnownFileType = sourcecode.swift; path = FilterStateView.swift; sourceTree = "<group>"; };
		B333F3A72C4E2E4800495539 /* FilterStateCell.swift */ = {isa = PBXFileReference; lastKnownFileType = sourcecode.swift; path = FilterStateCell.swift; sourceTree = "<group>"; };
		B37069272C465B3C00A49D77 /* PagingTabBar.swift */ = {isa = PBXFileReference; lastKnownFileType = sourcecode.swift; path = PagingTabBar.swift; sourceTree = "<group>"; };
		B37069292C465B9D00A49D77 /* PagingTabBarCell.swift */ = {isa = PBXFileReference; lastKnownFileType = sourcecode.swift; path = PagingTabBarCell.swift; sourceTree = "<group>"; };
		B370692B2C465BFE00A49D77 /* PagingView.swift */ = {isa = PBXFileReference; lastKnownFileType = sourcecode.swift; path = PagingView.swift; sourceTree = "<group>"; };
		B370692D2C465C1200A49D77 /* PagingCollectionViewCell.swift */ = {isa = PBXFileReference; lastKnownFileType = sourcecode.swift; path = PagingCollectionViewCell.swift; sourceTree = "<group>"; };
		B370692F2C46662800A49D77 /* ScanView.swift */ = {isa = PBXFileReference; lastKnownFileType = sourcecode.swift; path = ScanView.swift; sourceTree = "<group>"; };
		B3C6229E2C44A6F100371531 /* MOIS.app */ = {isa = PBXFileReference; explicitFileType = wrapper.application; includeInIndex = 0; path = MOIS.app; sourceTree = BUILT_PRODUCTS_DIR; };
		B3C622A12C44A6F100371531 /* AppDelegate.swift */ = {isa = PBXFileReference; lastKnownFileType = sourcecode.swift; path = AppDelegate.swift; sourceTree = "<group>"; };
		B3C622A32C44A6F100371531 /* SceneDelegate.swift */ = {isa = PBXFileReference; lastKnownFileType = sourcecode.swift; path = SceneDelegate.swift; sourceTree = "<group>"; };
		B3C622A52C44A6F100371531 /* MainViewController.swift */ = {isa = PBXFileReference; lastKnownFileType = sourcecode.swift; path = MainViewController.swift; sourceTree = "<group>"; };
		B3C622A82C44A6F100371531 /* Base */ = {isa = PBXFileReference; lastKnownFileType = file.storyboard; name = Base; path = Base.lproj/Main.storyboard; sourceTree = "<group>"; };
		B3C622AA2C44A6F400371531 /* Assets.xcassets */ = {isa = PBXFileReference; lastKnownFileType = folder.assetcatalog; path = Assets.xcassets; sourceTree = "<group>"; };
		B3C622AD2C44A6F400371531 /* Base */ = {isa = PBXFileReference; lastKnownFileType = file.storyboard; name = Base; path = Base.lproj/LaunchScreen.storyboard; sourceTree = "<group>"; };
		B3C622AF2C44A6F400371531 /* Info.plist */ = {isa = PBXFileReference; lastKnownFileType = text.plist.xml; path = Info.plist; sourceTree = "<group>"; };
		B3C622B92C44AF0700371531 /* TimeFunctions.swift */ = {isa = PBXFileReference; lastKnownFileType = sourcecode.swift; path = TimeFunctions.swift; sourceTree = "<group>"; };
		B3C622BC2C44AF9500371531 /* StringExtension.swift */ = {isa = PBXFileReference; lastKnownFileType = sourcecode.swift; path = StringExtension.swift; sourceTree = "<group>"; };
		B3C622C02C44C76D00371531 /* DataExtension.swift */ = {isa = PBXFileReference; lastKnownFileType = sourcecode.swift; path = DataExtension.swift; sourceTree = "<group>"; };
		B3C622C22C44E27200371531 /* LocationManager.swift */ = {isa = PBXFileReference; lastKnownFileType = sourcecode.swift; path = LocationManager.swift; sourceTree = "<group>"; };
		B3C622C42C45037000371531 /* BLEManager.swift */ = {isa = PBXFileReference; lastKnownFileType = sourcecode.swift; path = BLEManager.swift; sourceTree = "<group>"; };
		B3C622C72C4627EC00371531 /* BLEDeviceModel.swift */ = {isa = PBXFileReference; lastKnownFileType = sourcecode.swift; path = BLEDeviceModel.swift; sourceTree = "<group>"; };
		B3C622C92C46372C00371531 /* CompanyIdentifier.swift */ = {isa = PBXFileReference; lastKnownFileType = sourcecode.swift; path = CompanyIdentifier.swift; sourceTree = "<group>"; };
		B3C622CB2C464ECE00371531 /* MathFunctions.swift */ = {isa = PBXFileReference; lastKnownFileType = sourcecode.swift; path = MathFunctions.swift; sourceTree = "<group>"; };
		B73AA56AF692D3BE78997730 /* Pods-MOIS.release.xcconfig */ = {isa = PBXFileReference; includeInIndex = 1; lastKnownFileType = text.xcconfig; name = "Pods-MOIS.release.xcconfig"; path = "Target Support Files/Pods-MOIS/Pods-MOIS.release.xcconfig"; sourceTree = "<group>"; };
		D037876B38EA6B445A9189B3 /* Pods-MOIS.debug.xcconfig */ = {isa = PBXFileReference; includeInIndex = 1; lastKnownFileType = text.xcconfig; name = "Pods-MOIS.debug.xcconfig"; path = "Target Support Files/Pods-MOIS/Pods-MOIS.debug.xcconfig"; sourceTree = "<group>"; };
		E5FF14A9EF8B2A887B772AD6 /* Pods_MOIS.framework */ = {isa = PBXFileReference; explicitFileType = wrapper.framework; includeInIndex = 0; path = Pods_MOIS.framework; sourceTree = BUILT_PRODUCTS_DIR; };
/* End PBXFileReference section */

/* Begin PBXFrameworksBuildPhase section */
		B3C6229B2C44A6F100371531 /* Frameworks */ = {
			isa = PBXFrameworksBuildPhase;
			buildActionMask = 2147483647;
			files = (
				DB3D5CAEDF062E1DFE763B9B /* Pods_MOIS.framework in Frameworks */,
			);
			runOnlyForDeploymentPostprocessing = 0;
		};
/* End PBXFrameworksBuildPhase section */

/* Begin PBXGroup section */
		930CE20E53D778275772034C /* Frameworks */ = {
			isa = PBXGroup;
			children = (
				E5FF14A9EF8B2A887B772AD6 /* Pods_MOIS.framework */,
			);
			name = Frameworks;
			sourceTree = "<group>";
		};
		B30902A62C4765850032A7E4 /* Main */ = {
			isa = PBXGroup;
			children = (
				B37E9EFD2C4657DB00A08F60 /* View */,
			);
			path = Main;
			sourceTree = "<group>";
		};
		B30902A82C4765BC0032A7E4 /* ViewModel */ = {
			isa = PBXGroup;
			children = (
				B30902AB2C476B390032A7E4 /* ScanViewModel.swift */,
			);
			path = ViewModel;
			sourceTree = "<group>";
		};
		B30902A92C47661B0032A7E4 /* View */ = {
			isa = PBXGroup;
			children = (
				B370692F2C46662800A49D77 /* ScanView.swift */,
				B30902C52C47AEF90032A7E4 /* FilterDeviceView.swift */,
				B333F3A52C4E2DAC00495539 /* FilterStateView.swift */,
				B30902C72C47BADA0032A7E4 /* FilterDeviceSectionHeaderView.swift */,
				B333F39F2C4DE54A00495539 /* FilterDeviceDistanceCell.swift */,
				B30902C92C47BB2A0032A7E4 /* FilterDeviceManufacturerCell.swift */,
				B30902CB2C48A5700032A7E4 /* FilterDeviceRSSICell.swift */,
				B333F3A12C4E208300495539 /* FilterStateSectionHeaderView.swift */,
				B333F3A72C4E2E4800495539 /* FilterStateCell.swift */,
				B30902C32C479E8D0032A7E4 /* ScannedDeviceInfoView.swift */,
				B30902CD2C48B4ED0032A7E4 /* ScannedDeviceInfoSectionHeaderView.swift */,
				B30902CF2C48B6D90032A7E4 /* ScannedDeviceInfoDataCell.swift */,
				B30902D52C49385D0032A7E4 /* ScannedDeviceCountSectionHeaderView.swift */,
				B30902D72C4939A40032A7E4 /* ScannedDeviceCountView.swift */,
				B30902DB2C4A06390032A7E4 /* ScannedDeviceCountDataCell.swift */,
			);
			path = View;
			sourceTree = "<group>";
		};
		B30902AA2C476ADF0032A7E4 /* Manager */ = {
			isa = PBXGroup;
			children = (
				B3C622C22C44E27200371531 /* LocationManager.swift */,
				B3C622C42C45037000371531 /* BLEManager.swift */,
			);
			path = Manager;
			sourceTree = "<group>";
		};
		B30902AF2C477BE30032A7E4 /* Login */ = {
			isa = PBXGroup;
			children = (
				B30902B22C477BFF0032A7E4 /* View */,
				B30902B12C477BFA0032A7E4 /* ViewModel */,
				B30902B02C477BF30032A7E4 /* Model */,
			);
			path = Login;
			sourceTree = "<group>";
		};
		B30902B02C477BF30032A7E4 /* Model */ = {
			isa = PBXGroup;
			children = (
				B30902B32C477C190032A7E4 /* LoginRequest.swift */,
			);
			path = Model;
			sourceTree = "<group>";
		};
		B30902B12C477BFA0032A7E4 /* ViewModel */ = {
			isa = PBXGroup;
			children = (
				B30902B52C477C2E0032A7E4 /* LoginViewModel.swift */,
			);
			path = ViewModel;
			sourceTree = "<group>";
		};
		B30902B22C477BFF0032A7E4 /* View */ = {
			isa = PBXGroup;
			children = (
				B30902B92C477D710032A7E4 /* LoginView.swift */,
			);
			path = View;
			sourceTree = "<group>";
		};
		B37E9EFC2C4656C000A08F60 /* Assets */ = {
			isa = PBXGroup;
			children = (
				B3C622AA2C44A6F400371531 /* Assets.xcassets */,
			);
			path = Assets;
			sourceTree = "<group>";
		};
		B37E9EFD2C4657DB00A08F60 /* View */ = {
			isa = PBXGroup;
			children = (
				B37069272C465B3C00A49D77 /* PagingTabBar.swift */,
				B37069292C465B9D00A49D77 /* PagingTabBarCell.swift */,
				B370692B2C465BFE00A49D77 /* PagingView.swift */,
				B370692D2C465C1200A49D77 /* PagingCollectionViewCell.swift */,
				B3C622A52C44A6F100371531 /* MainViewController.swift */,
			);
			path = View;
			sourceTree = "<group>";
		};
		B3C622952C44A6F100371531 = {
			isa = PBXGroup;
			children = (
				B3C622A02C44A6F100371531 /* MOIS */,
				B3C6229F2C44A6F100371531 /* Products */,
				D17185DF227BD88792AD3733 /* Pods */,
				930CE20E53D778275772034C /* Frameworks */,
			);
			sourceTree = "<group>";
		};
		B3C6229F2C44A6F100371531 /* Products */ = {
			isa = PBXGroup;
			children = (
				B3C6229E2C44A6F100371531 /* MOIS.app */,
			);
			name = Products;
			sourceTree = "<group>";
		};
		B3C622A02C44A6F100371531 /* MOIS */ = {
			isa = PBXGroup;
			children = (
				B30902AF2C477BE30032A7E4 /* Login */,
				B30902A62C4765850032A7E4 /* Main */,
				B37E9EFC2C4656C000A08F60 /* Assets */,
				B3C622BB2C44AF8100371531 /* Extensions */,
				B3C622B82C44AEF600371531 /* Utils */,
				B3C622B52C44A85000371531 /* Scan */,
				B30902AA2C476ADF0032A7E4 /* Manager */,
				B3C622A32C44A6F100371531 /* SceneDelegate.swift */,
				B3C622A12C44A6F100371531 /* AppDelegate.swift */,
				B3C622A72C44A6F100371531 /* Main.storyboard */,
				B3C622AC2C44A6F400371531 /* LaunchScreen.storyboard */,
				B3C622AF2C44A6F400371531 /* Info.plist */,
			);
			path = MOIS;
			sourceTree = "<group>";
		};
		B3C622B52C44A85000371531 /* Scan */ = {
			isa = PBXGroup;
			children = (
				B30902A92C47661B0032A7E4 /* View */,
				B3C622C62C46276900371531 /* Model */,
				B30902A82C4765BC0032A7E4 /* ViewModel */,
			);
			path = Scan;
			sourceTree = "<group>";
		};
		B3C622B82C44AEF600371531 /* Utils */ = {
			isa = PBXGroup;
			children = (
				B3C622B92C44AF0700371531 /* TimeFunctions.swift */,
				B3C622CB2C464ECE00371531 /* MathFunctions.swift */,
				B30902AD2C476CFC0032A7E4 /* Protocols.swift */,
				B30902D92C4A023E0032A7E4 /* PaddedLabel.swift */,
			);
			path = "\U0010Utils";
			sourceTree = "<group>";
		};
		B3C622BB2C44AF8100371531 /* Extensions */ = {
			isa = PBXGroup;
			children = (
				B3C622BC2C44AF9500371531 /* StringExtension.swift */,
				B3C622C02C44C76D00371531 /* DataExtension.swift */,
				B30902BB2C477EBD0032A7E4 /* UIViewExtension.swift */,
			);
			path = Extensions;
			sourceTree = "<group>";
		};
		B3C622C62C46276900371531 /* Model */ = {
			isa = PBXGroup;
			children = (
				B3C622C72C4627EC00371531 /* BLEDeviceModel.swift */,
				B3C622C92C46372C00371531 /* CompanyIdentifier.swift */,
				B30902C12C47851E0032A7E4 /* FilterModel.swift */,
				B30902D12C48D04A0032A7E4 /* DeviceInfoModel.swift */,
				B30902D32C49376D0032A7E4 /* DeviceCountModel.swift */,
			);
			path = Model;
			sourceTree = "<group>";
		};
		D17185DF227BD88792AD3733 /* Pods */ = {
			isa = PBXGroup;
			children = (
				D037876B38EA6B445A9189B3 /* Pods-MOIS.debug.xcconfig */,
				B73AA56AF692D3BE78997730 /* Pods-MOIS.release.xcconfig */,
			);
			path = Pods;
			sourceTree = "<group>";
		};
/* End PBXGroup section */

/* Begin PBXNativeTarget section */
		B3C6229D2C44A6F100371531 /* MOIS */ = {
			isa = PBXNativeTarget;
			buildConfigurationList = B3C622B22C44A6F400371531 /* Build configuration list for PBXNativeTarget "MOIS" */;
			buildPhases = (
				4920525CAD5B931E98D05C10 /* [CP] Check Pods Manifest.lock */,
				B3C6229A2C44A6F100371531 /* Sources */,
				B3C6229B2C44A6F100371531 /* Frameworks */,
				B3C6229C2C44A6F100371531 /* Resources */,
				5800427155E75F0311FD3DC7 /* [CP] Embed Pods Frameworks */,
			);
			buildRules = (
			);
			dependencies = (
			);
			name = MOIS;
			productName = MOIS;
			productReference = B3C6229E2C44A6F100371531 /* MOIS.app */;
			productType = "com.apple.product-type.application";
		};
/* End PBXNativeTarget section */

/* Begin PBXProject section */
		B3C622962C44A6F100371531 /* Project object */ = {
			isa = PBXProject;
			attributes = {
				BuildIndependentTargetsInParallel = 1;
				LastSwiftUpdateCheck = 1540;
				LastUpgradeCheck = 1540;
				TargetAttributes = {
					B3C6229D2C44A6F100371531 = {
						CreatedOnToolsVersion = 15.4;
					};
				};
			};
			buildConfigurationList = B3C622992C44A6F100371531 /* Build configuration list for PBXProject "MOIS" */;
			compatibilityVersion = "Xcode 14.0";
			developmentRegion = en;
			hasScannedForEncodings = 0;
			knownRegions = (
				en,
				Base,
			);
			mainGroup = B3C622952C44A6F100371531;
			productRefGroup = B3C6229F2C44A6F100371531 /* Products */;
			projectDirPath = "";
			projectRoot = "";
			targets = (
				B3C6229D2C44A6F100371531 /* MOIS */,
			);
		};
/* End PBXProject section */

/* Begin PBXResourcesBuildPhase section */
		B3C6229C2C44A6F100371531 /* Resources */ = {
			isa = PBXResourcesBuildPhase;
			buildActionMask = 2147483647;
			files = (
				B3C622AB2C44A6F400371531 /* Assets.xcassets in Resources */,
				B3C622AE2C44A6F400371531 /* Base in Resources */,
				B3C622A92C44A6F100371531 /* Base in Resources */,
			);
			runOnlyForDeploymentPostprocessing = 0;
		};
/* End PBXResourcesBuildPhase section */

/* Begin PBXShellScriptBuildPhase section */
		4920525CAD5B931E98D05C10 /* [CP] Check Pods Manifest.lock */ = {
			isa = PBXShellScriptBuildPhase;
			buildActionMask = 2147483647;
			files = (
			);
			inputFileListPaths = (
			);
			inputPaths = (
				"${PODS_PODFILE_DIR_PATH}/Podfile.lock",
				"${PODS_ROOT}/Manifest.lock",
			);
			name = "[CP] Check Pods Manifest.lock";
			outputFileListPaths = (
			);
			outputPaths = (
				"$(DERIVED_FILE_DIR)/Pods-MOIS-checkManifestLockResult.txt",
			);
			runOnlyForDeploymentPostprocessing = 0;
			shellPath = /bin/sh;
			shellScript = "diff \"${PODS_PODFILE_DIR_PATH}/Podfile.lock\" \"${PODS_ROOT}/Manifest.lock\" > /dev/null\nif [ $? != 0 ] ; then\n    # print error to STDERR\n    echo \"error: The sandbox is not in sync with the Podfile.lock. Run 'pod install' or update your CocoaPods installation.\" >&2\n    exit 1\nfi\n# This output is used by Xcode 'outputs' to avoid re-running this script phase.\necho \"SUCCESS\" > \"${SCRIPT_OUTPUT_FILE_0}\"\n";
			showEnvVarsInLog = 0;
		};
		5800427155E75F0311FD3DC7 /* [CP] Embed Pods Frameworks */ = {
			isa = PBXShellScriptBuildPhase;
			buildActionMask = 2147483647;
			files = (
			);
			inputFileListPaths = (
				"${PODS_ROOT}/Target Support Files/Pods-MOIS/Pods-MOIS-frameworks-${CONFIGURATION}-input-files.xcfilelist",
			);
			name = "[CP] Embed Pods Frameworks";
			outputFileListPaths = (
				"${PODS_ROOT}/Target Support Files/Pods-MOIS/Pods-MOIS-frameworks-${CONFIGURATION}-output-files.xcfilelist",
			);
			runOnlyForDeploymentPostprocessing = 0;
			shellPath = /bin/sh;
			shellScript = "\"${PODS_ROOT}/Target Support Files/Pods-MOIS/Pods-MOIS-frameworks.sh\"\n";
			showEnvVarsInLog = 0;
		};
/* End PBXShellScriptBuildPhase section */

/* Begin PBXSourcesBuildPhase section */
		B3C6229A2C44A6F100371531 /* Sources */ = {
			isa = PBXSourcesBuildPhase;
			buildActionMask = 2147483647;
			files = (
				B30902AC2C476B390032A7E4 /* ScanViewModel.swift in Sources */,
				B3C622A62C44A6F100371531 /* MainViewController.swift in Sources */,
				B30902C42C479E8D0032A7E4 /* ScannedDeviceInfoView.swift in Sources */,
				B30902BC2C477EBD0032A7E4 /* UIViewExtension.swift in Sources */,
				B30902B42C477C190032A7E4 /* LoginRequest.swift in Sources */,
				B3C622C52C45037000371531 /* BLEManager.swift in Sources */,
				B30902D82C4939A40032A7E4 /* ScannedDeviceCountView.swift in Sources */,
				B30902AE2C476CFC0032A7E4 /* Protocols.swift in Sources */,
				B30902D02C48B6D90032A7E4 /* ScannedDeviceInfoDataCell.swift in Sources */,
				B3C622A22C44A6F100371531 /* AppDelegate.swift in Sources */,
				B370692C2C465BFE00A49D77 /* PagingView.swift in Sources */,
				B30902CA2C47BB2A0032A7E4 /* FilterDeviceManufacturerCell.swift in Sources */,
				B30902D22C48D04A0032A7E4 /* DeviceInfoModel.swift in Sources */,
				B333F3A62C4E2DAC00495539 /* FilterStateView.swift in Sources */,
				B3C622CA2C46372C00371531 /* CompanyIdentifier.swift in Sources */,
				B30902C82C47BADA0032A7E4 /* FilterDeviceSectionHeaderView.swift in Sources */,
				B30902BA2C477D710032A7E4 /* LoginView.swift in Sources */,
				B30902B62C477C2E0032A7E4 /* LoginViewModel.swift in Sources */,
				B30902CC2C48A5710032A7E4 /* FilterDeviceRSSICell.swift in Sources */,
				B30902DA2C4A023E0032A7E4 /* PaddedLabel.swift in Sources */,
				B3C622BD2C44AF9500371531 /* StringExtension.swift in Sources */,
				B30902D62C49385D0032A7E4 /* ScannedDeviceCountSectionHeaderView.swift in Sources */,
				B370692E2C465C1200A49D77 /* PagingCollectionViewCell.swift in Sources */,
				B370692A2C465B9D00A49D77 /* PagingTabBarCell.swift in Sources */,
				B30902CE2C48B4ED0032A7E4 /* ScannedDeviceInfoSectionHeaderView.swift in Sources */,
				B3C622BA2C44AF0700371531 /* TimeFunctions.swift in Sources */,
				B37069302C46662800A49D77 /* ScanView.swift in Sources */,
				B3C622CC2C464ECE00371531 /* MathFunctions.swift in Sources */,
				B3C622C12C44C76D00371531 /* DataExtension.swift in Sources */,
				B37069282C465B3C00A49D77 /* PagingTabBar.swift in Sources */,
				B333F3A22C4E208300495539 /* FilterStateSectionHeaderView.swift in Sources */,
				B30902C22C47851E0032A7E4 /* FilterModel.swift in Sources */,
				B30902D42C49376D0032A7E4 /* DeviceCountModel.swift in Sources */,
				B30902DC2C4A06390032A7E4 /* ScannedDeviceCountDataCell.swift in Sources */,
				B3C622C82C4627EC00371531 /* BLEDeviceModel.swift in Sources */,
				B333F3A02C4DE54A00495539 /* FilterDeviceDistanceCell.swift in Sources */,
				B30902C62C47AEF90032A7E4 /* FilterDeviceView.swift in Sources */,
				B3C622A42C44A6F100371531 /* SceneDelegate.swift in Sources */,
				B3C622C32C44E27200371531 /* LocationManager.swift in Sources */,
				B333F3A82C4E2E4800495539 /* FilterStateCell.swift in Sources */,
			);
			runOnlyForDeploymentPostprocessing = 0;
		};
/* End PBXSourcesBuildPhase section */

/* Begin PBXVariantGroup section */
		B3C622A72C44A6F100371531 /* Main.storyboard */ = {
			isa = PBXVariantGroup;
			children = (
				B3C622A82C44A6F100371531 /* Base */,
			);
			name = Main.storyboard;
			sourceTree = "<group>";
		};
		B3C622AC2C44A6F400371531 /* LaunchScreen.storyboard */ = {
			isa = PBXVariantGroup;
			children = (
				B3C622AD2C44A6F400371531 /* Base */,
			);
			name = LaunchScreen.storyboard;
			sourceTree = "<group>";
		};
/* End PBXVariantGroup section */

/* Begin XCBuildConfiguration section */
		B3C622B02C44A6F400371531 /* Debug */ = {
			isa = XCBuildConfiguration;
			buildSettings = {
				ALWAYS_SEARCH_USER_PATHS = NO;
				ASSETCATALOG_COMPILER_GENERATE_SWIFT_ASSET_SYMBOL_EXTENSIONS = YES;
				CLANG_ANALYZER_NONNULL = YES;
				CLANG_ANALYZER_NUMBER_OBJECT_CONVERSION = YES_AGGRESSIVE;
				CLANG_CXX_LANGUAGE_STANDARD = "gnu++20";
				CLANG_ENABLE_MODULES = YES;
				CLANG_ENABLE_OBJC_ARC = YES;
				CLANG_ENABLE_OBJC_WEAK = YES;
				CLANG_WARN_BLOCK_CAPTURE_AUTORELEASING = YES;
				CLANG_WARN_BOOL_CONVERSION = YES;
				CLANG_WARN_COMMA = YES;
				CLANG_WARN_CONSTANT_CONVERSION = YES;
				CLANG_WARN_DEPRECATED_OBJC_IMPLEMENTATIONS = YES;
				CLANG_WARN_DIRECT_OBJC_ISA_USAGE = YES_ERROR;
				CLANG_WARN_DOCUMENTATION_COMMENTS = YES;
				CLANG_WARN_EMPTY_BODY = YES;
				CLANG_WARN_ENUM_CONVERSION = YES;
				CLANG_WARN_INFINITE_RECURSION = YES;
				CLANG_WARN_INT_CONVERSION = YES;
				CLANG_WARN_NON_LITERAL_NULL_CONVERSION = YES;
				CLANG_WARN_OBJC_IMPLICIT_RETAIN_SELF = YES;
				CLANG_WARN_OBJC_LITERAL_CONVERSION = YES;
				CLANG_WARN_OBJC_ROOT_CLASS = YES_ERROR;
				CLANG_WARN_QUOTED_INCLUDE_IN_FRAMEWORK_HEADER = YES;
				CLANG_WARN_RANGE_LOOP_ANALYSIS = YES;
				CLANG_WARN_STRICT_PROTOTYPES = YES;
				CLANG_WARN_SUSPICIOUS_MOVE = YES;
				CLANG_WARN_UNGUARDED_AVAILABILITY = YES_AGGRESSIVE;
				CLANG_WARN_UNREACHABLE_CODE = YES;
				CLANG_WARN__DUPLICATE_METHOD_MATCH = YES;
				COPY_PHASE_STRIP = NO;
				DEBUG_INFORMATION_FORMAT = dwarf;
				ENABLE_STRICT_OBJC_MSGSEND = YES;
				ENABLE_TESTABILITY = YES;
				ENABLE_USER_SCRIPT_SANDBOXING = NO;
				GCC_C_LANGUAGE_STANDARD = gnu17;
				GCC_DYNAMIC_NO_PIC = NO;
				GCC_NO_COMMON_BLOCKS = YES;
				GCC_OPTIMIZATION_LEVEL = 0;
				GCC_PREPROCESSOR_DEFINITIONS = (
					"DEBUG=1",
					"$(inherited)",
				);
				GCC_WARN_64_TO_32_BIT_CONVERSION = YES;
				GCC_WARN_ABOUT_RETURN_TYPE = YES_ERROR;
				GCC_WARN_UNDECLARED_SELECTOR = YES;
				GCC_WARN_UNINITIALIZED_AUTOS = YES_AGGRESSIVE;
				GCC_WARN_UNUSED_FUNCTION = YES;
				GCC_WARN_UNUSED_VARIABLE = YES;
				IPHONEOS_DEPLOYMENT_TARGET = 15.0;
				LOCALIZATION_PREFERS_STRING_CATALOGS = YES;
				MTL_ENABLE_DEBUG_INFO = INCLUDE_SOURCE;
				MTL_FAST_MATH = YES;
				ONLY_ACTIVE_ARCH = YES;
				SDKROOT = iphoneos;
				SWIFT_ACTIVE_COMPILATION_CONDITIONS = "DEBUG $(inherited)";
				SWIFT_OPTIMIZATION_LEVEL = "-Onone";
			};
			name = Debug;
		};
		B3C622B12C44A6F400371531 /* Release */ = {
			isa = XCBuildConfiguration;
			buildSettings = {
				ALWAYS_SEARCH_USER_PATHS = NO;
				ASSETCATALOG_COMPILER_GENERATE_SWIFT_ASSET_SYMBOL_EXTENSIONS = YES;
				CLANG_ANALYZER_NONNULL = YES;
				CLANG_ANALYZER_NUMBER_OBJECT_CONVERSION = YES_AGGRESSIVE;
				CLANG_CXX_LANGUAGE_STANDARD = "gnu++20";
				CLANG_ENABLE_MODULES = YES;
				CLANG_ENABLE_OBJC_ARC = YES;
				CLANG_ENABLE_OBJC_WEAK = YES;
				CLANG_WARN_BLOCK_CAPTURE_AUTORELEASING = YES;
				CLANG_WARN_BOOL_CONVERSION = YES;
				CLANG_WARN_COMMA = YES;
				CLANG_WARN_CONSTANT_CONVERSION = YES;
				CLANG_WARN_DEPRECATED_OBJC_IMPLEMENTATIONS = YES;
				CLANG_WARN_DIRECT_OBJC_ISA_USAGE = YES_ERROR;
				CLANG_WARN_DOCUMENTATION_COMMENTS = YES;
				CLANG_WARN_EMPTY_BODY = YES;
				CLANG_WARN_ENUM_CONVERSION = YES;
				CLANG_WARN_INFINITE_RECURSION = YES;
				CLANG_WARN_INT_CONVERSION = YES;
				CLANG_WARN_NON_LITERAL_NULL_CONVERSION = YES;
				CLANG_WARN_OBJC_IMPLICIT_RETAIN_SELF = YES;
				CLANG_WARN_OBJC_LITERAL_CONVERSION = YES;
				CLANG_WARN_OBJC_ROOT_CLASS = YES_ERROR;
				CLANG_WARN_QUOTED_INCLUDE_IN_FRAMEWORK_HEADER = YES;
				CLANG_WARN_RANGE_LOOP_ANALYSIS = YES;
				CLANG_WARN_STRICT_PROTOTYPES = YES;
				CLANG_WARN_SUSPICIOUS_MOVE = YES;
				CLANG_WARN_UNGUARDED_AVAILABILITY = YES_AGGRESSIVE;
				CLANG_WARN_UNREACHABLE_CODE = YES;
				CLANG_WARN__DUPLICATE_METHOD_MATCH = YES;
				COPY_PHASE_STRIP = NO;
				DEBUG_INFORMATION_FORMAT = "dwarf-with-dsym";
				ENABLE_NS_ASSERTIONS = NO;
				ENABLE_STRICT_OBJC_MSGSEND = YES;
				ENABLE_USER_SCRIPT_SANDBOXING = NO;
				GCC_C_LANGUAGE_STANDARD = gnu17;
				GCC_NO_COMMON_BLOCKS = YES;
				GCC_WARN_64_TO_32_BIT_CONVERSION = YES;
				GCC_WARN_ABOUT_RETURN_TYPE = YES_ERROR;
				GCC_WARN_UNDECLARED_SELECTOR = YES;
				GCC_WARN_UNINITIALIZED_AUTOS = YES_AGGRESSIVE;
				GCC_WARN_UNUSED_FUNCTION = YES;
				GCC_WARN_UNUSED_VARIABLE = YES;
				IPHONEOS_DEPLOYMENT_TARGET = 15.0;
				LOCALIZATION_PREFERS_STRING_CATALOGS = YES;
				MTL_ENABLE_DEBUG_INFO = NO;
				MTL_FAST_MATH = YES;
				SDKROOT = iphoneos;
				SWIFT_COMPILATION_MODE = wholemodule;
				VALIDATE_PRODUCT = YES;
			};
			name = Release;
		};
		B3C622B32C44A6F400371531 /* Debug */ = {
			isa = XCBuildConfiguration;
			baseConfigurationReference = D037876B38EA6B445A9189B3 /* Pods-MOIS.debug.xcconfig */;
			buildSettings = {
				ASSETCATALOG_COMPILER_APPICON_NAME = AppIcon;
				ASSETCATALOG_COMPILER_GLOBAL_ACCENT_COLOR_NAME = AccentColor;
				CODE_SIGN_STYLE = Automatic;
				CURRENT_PROJECT_VERSION = 3;
				DEVELOPMENT_TEAM = G75UAV755N;
				GENERATE_INFOPLIST_FILE = YES;
				INFOPLIST_FILE = MOIS/Info.plist;
				INFOPLIST_KEY_CFBundleDisplayName = MOIS;
				INFOPLIST_KEY_LSApplicationCategoryType = "public.app-category.lifestyle";
				INFOPLIST_KEY_NSBluetoothAlwaysUsageDescription = "TJLABS는 블루투스 신호를 이용하여 사용자에게 위치 정보를 제공하므로, 블루투스 관련 권한 허용이 필요합니다.";
				INFOPLIST_KEY_NSBluetoothPeripheralUsageDescription = "TJLABS는 블루투스 신호를 이용하여 사용자에게 위치 정보를 제공하므로, 블루투스 관련 권한 허용이 필요합니다.";
				INFOPLIST_KEY_NSLocationWhenInUseUsageDescription = "TJLABS에서 제공하는 실내 위치 정보를 제공받기 위해서는 위치 권한이 필요합니다.";
				INFOPLIST_KEY_NSMotionUsageDescription = "Allow my app to access motion usage.";
				INFOPLIST_KEY_UIApplicationSupportsIndirectInputEvents = YES;
				INFOPLIST_KEY_UILaunchStoryboardName = LaunchScreen;
				INFOPLIST_KEY_UIMainStoryboardFile = Main;
				INFOPLIST_KEY_UIRequiredDeviceCapabilities = "accelerometer gyroscope magnetometer bluetooth-le";
				INFOPLIST_KEY_UISupportedInterfaceOrientations_iPad = "UIInterfaceOrientationPortrait UIInterfaceOrientationPortraitUpsideDown UIInterfaceOrientationLandscapeLeft UIInterfaceOrientationLandscapeRight";
				INFOPLIST_KEY_UISupportedInterfaceOrientations_iPhone = "UIInterfaceOrientationPortrait UIInterfaceOrientationLandscapeLeft UIInterfaceOrientationLandscapeRight";
				IPHONEOS_DEPLOYMENT_TARGET = 15.0;
				LD_RUNPATH_SEARCH_PATHS = (
					"$(inherited)",
					"@executable_path/Frameworks",
				);
				MARKETING_VERSION = 1.0;
				PRODUCT_BUNDLE_IDENTIFIER = com.tjlabscorp.ios.mois.MOIS;
				PRODUCT_NAME = "$(TARGET_NAME)";
				SUPPORTED_PLATFORMS = "iphoneos iphonesimulator";
				SUPPORTS_MACCATALYST = NO;
				SUPPORTS_MAC_DESIGNED_FOR_IPHONE_IPAD = NO;
				SUPPORTS_XR_DESIGNED_FOR_IPHONE_IPAD = NO;
				SWIFT_EMIT_LOC_STRINGS = YES;
				SWIFT_VERSION = 5.0;
				TARGETED_DEVICE_FAMILY = 1;
			};
			name = Debug;
		};
		B3C622B42C44A6F400371531 /* Release */ = {
			isa = XCBuildConfiguration;
			baseConfigurationReference = B73AA56AF692D3BE78997730 /* Pods-MOIS.release.xcconfig */;
			buildSettings = {
				ASSETCATALOG_COMPILER_APPICON_NAME = AppIcon;
				ASSETCATALOG_COMPILER_GLOBAL_ACCENT_COLOR_NAME = AccentColor;
				CODE_SIGN_STYLE = Automatic;
				CURRENT_PROJECT_VERSION = 3;
				DEVELOPMENT_TEAM = G75UAV755N;
				GENERATE_INFOPLIST_FILE = YES;
				INFOPLIST_FILE = MOIS/Info.plist;
				INFOPLIST_KEY_CFBundleDisplayName = MOIS;
				INFOPLIST_KEY_LSApplicationCategoryType = "public.app-category.lifestyle";
				INFOPLIST_KEY_NSBluetoothAlwaysUsageDescription = "TJLABS는 블루투스 신호를 이용하여 사용자에게 위치 정보를 제공하므로, 블루투스 관련 권한 허용이 필요합니다.";
				INFOPLIST_KEY_NSBluetoothPeripheralUsageDescription = "TJLABS는 블루투스 신호를 이용하여 사용자에게 위치 정보를 제공하므로, 블루투스 관련 권한 허용이 필요합니다.";
				INFOPLIST_KEY_NSLocationWhenInUseUsageDescription = "TJLABS에서 제공하는 실내 위치 정보를 제공받기 위해서는 위치 권한이 필요합니다.";
				INFOPLIST_KEY_NSMotionUsageDescription = "Allow my app to access motion usage.";
				INFOPLIST_KEY_UIApplicationSupportsIndirectInputEvents = YES;
				INFOPLIST_KEY_UILaunchStoryboardName = LaunchScreen;
				INFOPLIST_KEY_UIMainStoryboardFile = Main;
				INFOPLIST_KEY_UIRequiredDeviceCapabilities = "accelerometer gyroscope magnetometer bluetooth-le";
				INFOPLIST_KEY_UISupportedInterfaceOrientations_iPad = "UIInterfaceOrientationPortrait UIInterfaceOrientationPortraitUpsideDown UIInterfaceOrientationLandscapeLeft UIInterfaceOrientationLandscapeRight";
				INFOPLIST_KEY_UISupportedInterfaceOrientations_iPhone = "UIInterfaceOrientationPortrait UIInterfaceOrientationLandscapeLeft UIInterfaceOrientationLandscapeRight";
				IPHONEOS_DEPLOYMENT_TARGET = 15.0;
				LD_RUNPATH_SEARCH_PATHS = (
					"$(inherited)",
					"@executable_path/Frameworks",
				);
				MARKETING_VERSION = 1.0;
				PRODUCT_BUNDLE_IDENTIFIER = com.tjlabscorp.ios.mois.MOIS;
				PRODUCT_NAME = "$(TARGET_NAME)";
				SUPPORTED_PLATFORMS = "iphoneos iphonesimulator";
				SUPPORTS_MACCATALYST = NO;
				SUPPORTS_MAC_DESIGNED_FOR_IPHONE_IPAD = NO;
				SUPPORTS_XR_DESIGNED_FOR_IPHONE_IPAD = NO;
				SWIFT_EMIT_LOC_STRINGS = YES;
				SWIFT_VERSION = 5.0;
				TARGETED_DEVICE_FAMILY = 1;
			};
			name = Release;
		};
/* End XCBuildConfiguration section */

/* Begin XCConfigurationList section */
		B3C622992C44A6F100371531 /* Build configuration list for PBXProject "MOIS" */ = {
			isa = XCConfigurationList;
			buildConfigurations = (
				B3C622B02C44A6F400371531 /* Debug */,
				B3C622B12C44A6F400371531 /* Release */,
			);
			defaultConfigurationIsVisible = 0;
			defaultConfigurationName = Release;
		};
		B3C622B22C44A6F400371531 /* Build configuration list for PBXNativeTarget "MOIS" */ = {
			isa = XCConfigurationList;
			buildConfigurations = (
				B3C622B32C44A6F400371531 /* Debug */,
				B3C622B42C44A6F400371531 /* Release */,
			);
			defaultConfigurationIsVisible = 0;
			defaultConfigurationName = Release;
		};
/* End XCConfigurationList section */
	};
	rootObject = B3C622962C44A6F100371531 /* Project object */;
}
